
Microsoft Visual Studio Solution File, Format Version 12.00
# Visual Studio Version 16
VisualStudioVersion = 16.0.30804.86
MinimumVisualStudioVersion = 10.0.40219.1
Project("{FAE04EC0-301F-11D3-BF4B-00C04F79EFBC}") = "OnlineShop", "OnlineShop\OnlineShop.csproj", "{3DC207A3-FC78-4DF8-86CC-01D36D07F018}"
EndProject
Project("{FAE04EC0-301F-11D3-BF4B-00C04F79EFBC}") = "Model", "Model\Model.csproj", "{A7B07E3E-7D15-4CB1-9B8F-736647D0EC18}"
EndProject
Global
	GlobalSection(SolutionConfigurationPlatforms) = preSolution
		Debug|Any CPU = Debug|Any CPU
		Release|Any CPU = Release|Any CPU
	EndGlobalSection
	GlobalSection(ProjectConfigurationPlatforms) = postSolution
		{3DC207A3-FC78-4DF8-86CC-01D36D07F018}.Debug|Any CPU.ActiveCfg = Debug|Any CPU
		{3DC207A3-FC78-4DF8-86CC-01D36D07F018}.Debug|Any CPU.Build.0 = Debug|Any CPU
		{3DC207A3-FC78-4DF8-86CC-01D36D07F018}.Release|Any CPU.ActiveCfg = Release|Any CPU
		{3DC207A3-FC78-4DF8-86CC-01D36D07F018}.Release|Any CPU.Build.0 = Release|Any CPU
		{A7B07E3E-7D15-4CB1-9B8F-736647D0EC18}.Debug|Any CPU.ActiveCfg = Debug|Any CPU
		{A7B07E3E-7D15-4CB1-9B8F-736647D0EC18}.Debug|Any CPU.Build.0 = Debug|Any CPU
		{A7B07E3E-7D15-4CB1-9B8F-736647D0EC18}.Release|Any CPU.ActiveCfg = Release|Any CPU
		{A7B07E3E-7D15-4CB1-9B8F-736647D0EC18}.Release|Any CPU.Build.0 = Release|Any CPU
	EndGlobalSection
	GlobalSection(SolutionProperties) = preSolution
		HideSolutionNode = FALSE
	EndGlobalSection
	GlobalSection(ExtensibilityGlobals) = postSolution
		SolutionGuid = {0A0D7246-1CE9-49CD-B5FC-DC173AD42D90}
	EndGlobalSection
EndGlobal
